
Microsoft Visual Studio Solution File, Format Version 12.00
# Visual Studio Version 17
VisualStudioVersion = 17.7.34221.43
MinimumVisualStudioVersion = 10.0.40219.1
Project("{9A19103F-16F7-4668-BE54-9A1E7A4F7556}") = "Entities", "Entities\Entities.csproj", "{CE9DA0C9-91CE-4C67-8995-646A7B1B25B7}"
EndProject
Project("{9A19103F-16F7-4668-BE54-9A1E7A4F7556}") = "DataAccess", "DataAccess\DataAccess.csproj", "{0ECFA33C-240A-4E79-842A-6E2CB4D80F96}"
EndProject
Project("{9A19103F-16F7-4668-BE54-9A1E7A4F7556}") = "Business", "Business\Business.csproj", "{3AC9694D-022A-48BF-BF76-75023532E3AD}"
EndProject
Project("{9A19103F-16F7-4668-BE54-9A1E7A4F7556}") = "Console", "Console\Console.csproj", "{422EBBCE-3299-4EFE-97CD-2E60764B237D}"
EndProject
Project("{9A19103F-16F7-4668-BE54-9A1E7A4F7556}") = "Core", "Core\Core.csproj", "{9339D592-C397-4F19-88C9-ED4FFC0BD28A}"
EndProject
Project("{FAE04EC0-301F-11D3-BF4B-00C04F79EFBC}") = "WebAPI", "WebAPI\WebAPI.csproj", "{24E2C7A3-E7F7-432D-985F-2B73616608DD}"
EndProject
Global
	GlobalSection(SolutionConfigurationPlatforms) = preSolution
		Debug|Any CPU = Debug|Any CPU
		Release|Any CPU = Release|Any CPU
	EndGlobalSection
	GlobalSection(ProjectConfigurationPlatforms) = postSolution
		{CE9DA0C9-91CE-4C67-8995-646A7B1B25B7}.Debug|Any CPU.ActiveCfg = Debug|Any CPU
		{CE9DA0C9-91CE-4C67-8995-646A7B1B25B7}.Debug|Any CPU.Build.0 = Debug|Any CPU
		{CE9DA0C9-91CE-4C67-8995-646A7B1B25B7}.Release|Any CPU.ActiveCfg = Release|Any CPU
		{CE9DA0C9-91CE-4C67-8995-646A7B1B25B7}.Release|Any CPU.Build.0 = Release|Any CPU
		{0ECFA33C-240A-4E79-842A-6E2CB4D80F96}.Debug|Any CPU.ActiveCfg = Debug|Any CPU
		{0ECFA33C-240A-4E79-842A-6E2CB4D80F96}.Debug|Any CPU.Build.0 = Debug|Any CPU
		{0ECFA33C-240A-4E79-842A-6E2CB4D80F96}.Release|Any CPU.ActiveCfg = Release|Any CPU
		{0ECFA33C-240A-4E79-842A-6E2CB4D80F96}.Release|Any CPU.Build.0 = Release|Any CPU
		{3AC9694D-022A-48BF-BF76-75023532E3AD}.Debug|Any CPU.ActiveCfg = Debug|Any CPU
		{3AC9694D-022A-48BF-BF76-75023532E3AD}.Debug|Any CPU.Build.0 = Debug|Any CPU
		{3AC9694D-022A-48BF-BF76-75023532E3AD}.Release|Any CPU.ActiveCfg = Release|Any CPU
		{3AC9694D-022A-48BF-BF76-75023532E3AD}.Release|Any CPU.Build.0 = Release|Any CPU
		{422EBBCE-3299-4EFE-97CD-2E60764B237D}.Debug|Any CPU.ActiveCfg = Debug|Any CPU
		{422EBBCE-3299-4EFE-97CD-2E60764B237D}.Debug|Any CPU.Build.0 = Debug|Any CPU
		{422EBBCE-3299-4EFE-97CD-2E60764B237D}.Release|Any CPU.ActiveCfg = Release|Any CPU
		{422EBBCE-3299-4EFE-97CD-2E60764B237D}.Release|Any CPU.Build.0 = Release|Any CPU
		{9339D592-C397-4F19-88C9-ED4FFC0BD28A}.Debug|Any CPU.ActiveCfg = Debug|Any CPU
		{9339D592-C397-4F19-88C9-ED4FFC0BD28A}.Debug|Any CPU.Build.0 = Debug|Any CPU
		{9339D592-C397-4F19-88C9-ED4FFC0BD28A}.Release|Any CPU.ActiveCfg = Release|Any CPU
		{9339D592-C397-4F19-88C9-ED4FFC0BD28A}.Release|Any CPU.Build.0 = Release|Any CPU
		{24E2C7A3-E7F7-432D-985F-2B73616608DD}.Debug|Any CPU.ActiveCfg = Debug|Any CPU
		{24E2C7A3-E7F7-432D-985F-2B73616608DD}.Debug|Any CPU.Build.0 = Debug|Any CPU
		{24E2C7A3-E7F7-432D-985F-2B73616608DD}.Release|Any CPU.ActiveCfg = Release|Any CPU
		{24E2C7A3-E7F7-432D-985F-2B73616608DD}.Release|Any CPU.Build.0 = Release|Any CPU
	EndGlobalSection
	GlobalSection(SolutionProperties) = preSolution
		HideSolutionNode = FALSE
	EndGlobalSection
	GlobalSection(ExtensibilityGlobals) = postSolution
		SolutionGuid = {F43735A7-D62E-4A96-A62E-09636E1D290B}
	EndGlobalSection
EndGlobal
